
Microsoft Visual Studio Solution File, Format Version 12.00
# Visual Studio Version 17
VisualStudioVersion = 17.0.31919.166
MinimumVisualStudioVersion = 10.0.40219.1
Project("{FAE04EC0-301F-11D3-BF4B-00C04F79EFBC}") = "ConsoleApp15", "ConsoleApp15\ConsoleApp15.csproj", "{C21E32EC-A7B2-492C-AC3D-C5A8EB5CBB1A}"
EndProject
Global
	GlobalSection(SolutionConfigurationPlatforms) = preSolution
		Debug|Any CPU = Debug|Any CPU
		Release|Any CPU = Release|Any CPU
	EndGlobalSection
	GlobalSection(ProjectConfigurationPlatforms) = postSolution
		{C21E32EC-A7B2-492C-AC3D-C5A8EB5CBB1A}.Debug|Any CPU.ActiveCfg = Debug|Any CPU
		{C21E32EC-A7B2-492C-AC3D-C5A8EB5CBB1A}.Debug|Any CPU.Build.0 = Debug|Any CPU
		{C21E32EC-A7B2-492C-AC3D-C5A8EB5CBB1A}.Release|Any CPU.ActiveCfg = Release|Any CPU
		{C21E32EC-A7B2-492C-AC3D-C5A8EB5CBB1A}.Release|Any CPU.Build.0 = Release|Any CPU
	EndGlobalSection
	GlobalSection(SolutionProperties) = preSolution
		HideSolutionNode = FALSE
	EndGlobalSection
	GlobalSection(ExtensibilityGlobals) = postSolution
		SolutionGuid = {75BDA66C-A47F-4991-814F-2C65448397D4}
	EndGlobalSection
EndGlobal
